
Microsoft Visual Studio Solution File, Format Version 12.00
# Visual Studio Version 17
VisualStudioVersion = 17.2.32630.192
MinimumVisualStudioVersion = 10.0.40219.1
Project("{FAE04EC0-301F-11D3-BF4B-00C04F79EFBC}") = "HotelListing.API", "HotelListing.API\HotelListing.API.csproj", "{5D9C0775-7655-4802-A66E-E4F79D1928BF}"
EndProject
Global
	GlobalSection(SolutionConfigurationPlatforms) = preSolution
		Debug|Any CPU = Debug|Any CPU
		Release|Any CPU = Release|Any CPU
	EndGlobalSection
	GlobalSection(ProjectConfigurationPlatforms) = postSolution
		{5D9C0775-7655-4802-A66E-E4F79D1928BF}.Debug|Any CPU.ActiveCfg = Debug|Any CPU
		{5D9C0775-7655-4802-A66E-E4F79D1928BF}.Debug|Any CPU.Build.0 = Debug|Any CPU
		{5D9C0775-7655-4802-A66E-E4F79D1928BF}.Release|Any CPU.ActiveCfg = Release|Any CPU
		{5D9C0775-7655-4802-A66E-E4F79D1928BF}.Release|Any CPU.Build.0 = Release|Any CPU
	EndGlobalSection
	GlobalSection(SolutionProperties) = preSolution
		HideSolutionNode = FALSE
	EndGlobalSection
	GlobalSection(ExtensibilityGlobals) = postSolution
		SolutionGuid = {52F803BB-FF2B-4FE1-A032-43777B547B8F}
	EndGlobalSection
EndGlobal
